
Microsoft Visual Studio Solution File, Format Version 12.00
# Visual Studio 15
VisualStudioVersion = 15.0.28307.168
MinimumVisualStudioVersion = 10.0.40219.1
Project("{FAE04EC0-301F-11D3-BF4B-00C04F79EFBC}") = "C Sharp Ch3 Ex6", "C Sharp Ch3 Ex6\C Sharp Ch3 Ex6.csproj", "{B6E56F31-3103-4416-B440-EF3ADD266496}"
EndProject
Global
	GlobalSection(SolutionConfigurationPlatforms) = preSolution
		Debug|Any CPU = Debug|Any CPU
		Release|Any CPU = Release|Any CPU
	EndGlobalSection
	GlobalSection(ProjectConfigurationPlatforms) = postSolution
		{B6E56F31-3103-4416-B440-EF3ADD266496}.Debug|Any CPU.ActiveCfg = Debug|Any CPU
		{B6E56F31-3103-4416-B440-EF3ADD266496}.Debug|Any CPU.Build.0 = Debug|Any CPU
		{B6E56F31-3103-4416-B440-EF3ADD266496}.Release|Any CPU.ActiveCfg = Release|Any CPU
		{B6E56F31-3103-4416-B440-EF3ADD266496}.Release|Any CPU.Build.0 = Release|Any CPU
	EndGlobalSection
	GlobalSection(SolutionProperties) = preSolution
		HideSolutionNode = FALSE
	EndGlobalSection
	GlobalSection(ExtensibilityGlobals) = postSolution
		SolutionGuid = {726BCA99-B269-4379-B241-681C6836FE49}
	EndGlobalSection
EndGlobal
