
Microsoft Visual Studio Solution File, Format Version 12.00
# Visual Studio 15
VisualStudioVersion = 15.0.28307.168
MinimumVisualStudioVersion = 10.0.40219.1
Project("{FAE04EC0-301F-11D3-BF4B-00C04F79EFBC}") = "C Sharp Ch.2 Ex.2", "C Sharp Ch.2 Ex.2\C Sharp Ch.2 Ex.2.csproj", "{57083AE1-6476-4521-A0A7-2084198A86CB}"
EndProject
Global
	GlobalSection(SolutionConfigurationPlatforms) = preSolution
		Debug|Any CPU = Debug|Any CPU
		Release|Any CPU = Release|Any CPU
	EndGlobalSection
	GlobalSection(ProjectConfigurationPlatforms) = postSolution
		{57083AE1-6476-4521-A0A7-2084198A86CB}.Debug|Any CPU.ActiveCfg = Debug|Any CPU
		{57083AE1-6476-4521-A0A7-2084198A86CB}.Debug|Any CPU.Build.0 = Debug|Any CPU
		{57083AE1-6476-4521-A0A7-2084198A86CB}.Release|Any CPU.ActiveCfg = Release|Any CPU
		{57083AE1-6476-4521-A0A7-2084198A86CB}.Release|Any CPU.Build.0 = Release|Any CPU
	EndGlobalSection
	GlobalSection(SolutionProperties) = preSolution
		HideSolutionNode = FALSE
	EndGlobalSection
	GlobalSection(ExtensibilityGlobals) = postSolution
		SolutionGuid = {6890CB39-FD7F-4408-8E09-E6B5B53D3CA4}
	EndGlobalSection
EndGlobal
